
Microsoft Visual Studio Solution File, Format Version 12.00
# Visual Studio Version 16
VisualStudioVersion = 16.0.30711.63
MinimumVisualStudioVersion = 10.0.40219.1
Project("{FAE04EC0-301F-11D3-BF4B-00C04F79EFBC}") = "DecToFrac", "DecToFrac\DecToFrac.csproj", "{79CA267D-2FAC-48B2-8128-B9194221C2EC}"
EndProject
Global
	GlobalSection(SolutionConfigurationPlatforms) = preSolution
		Debug|Any CPU = Debug|Any CPU
		Release|Any CPU = Release|Any CPU
	EndGlobalSection
	GlobalSection(ProjectConfigurationPlatforms) = postSolution
		{79CA267D-2FAC-48B2-8128-B9194221C2EC}.Debug|Any CPU.ActiveCfg = Debug|Any CPU
		{79CA267D-2FAC-48B2-8128-B9194221C2EC}.Debug|Any CPU.Build.0 = Debug|Any CPU
		{79CA267D-2FAC-48B2-8128-B9194221C2EC}.Release|Any CPU.ActiveCfg = Release|Any CPU
		{79CA267D-2FAC-48B2-8128-B9194221C2EC}.Release|Any CPU.Build.0 = Release|Any CPU
	EndGlobalSection
	GlobalSection(SolutionProperties) = preSolution
		HideSolutionNode = FALSE
	EndGlobalSection
	GlobalSection(ExtensibilityGlobals) = postSolution
		SolutionGuid = {3E1388C7-8E32-4268-8E99-338620E5177E}
	EndGlobalSection
EndGlobal
